
Microsoft Visual Studio Solution File, Format Version 12.00
# Visual Studio Version 16
VisualStudioVersion = 16.0.29306.81
MinimumVisualStudioVersion = 10.0.40219.1
Project("{FAE04EC0-301F-11D3-BF4B-00C04F79EFBC}") = "lab2", "lab2\lab2.csproj", "{AA6D24E9-904B-4757-9B3F-B3A6086ADFF3}"
EndProject
Global
	GlobalSection(SolutionConfigurationPlatforms) = preSolution
		Debug|Any CPU = Debug|Any CPU
		Release|Any CPU = Release|Any CPU
	EndGlobalSection
	GlobalSection(ProjectConfigurationPlatforms) = postSolution
		{AA6D24E9-904B-4757-9B3F-B3A6086ADFF3}.Debug|Any CPU.ActiveCfg = Debug|Any CPU
		{AA6D24E9-904B-4757-9B3F-B3A6086ADFF3}.Debug|Any CPU.Build.0 = Debug|Any CPU
		{AA6D24E9-904B-4757-9B3F-B3A6086ADFF3}.Release|Any CPU.ActiveCfg = Release|Any CPU
		{AA6D24E9-904B-4757-9B3F-B3A6086ADFF3}.Release|Any CPU.Build.0 = Release|Any CPU
	EndGlobalSection
	GlobalSection(SolutionProperties) = preSolution
		HideSolutionNode = FALSE
	EndGlobalSection
	GlobalSection(ExtensibilityGlobals) = postSolution
		SolutionGuid = {37D83302-E44C-4D8F-8993-1DE1391E6920}
	EndGlobalSection
EndGlobal
